Microsoft Visual Studio Solution File, Format Version 12.00
# Visual Studio 15
VisualStudioVersion = 15.0.28010.2046
MinimumVisualStudioVersion = 10.0.40219.1
Project("{9A19103F-16F7-4668-BE54-9A1E7A4F7556}") = "DSIP_", "DSIP_.csproj", "{236B046A-5D01-42B0-A109-6B9288B61B86}"
EndProject
Project("{FAE04EC0-301F-11D3-BF4B-00C04F79EFBC}") = "DSIP_Testing", "..\DSIP_Testing\DSIP_Testing.csproj", "{DF1E9A25-EABC-4BB5-8F61-DEA5ADBCE692}"
EndProject
Global
	GlobalSection(SolutionConfigurationPlatforms) = preSolution
		Debug|Any CPU = Debug|Any CPU
		Release|Any CPU = Release|Any CPU
	EndGlobalSection
	GlobalSection(ProjectConfigurationPlatforms) = postSolution
		{236B046A-5D01-42B0-A109-6B9288B61B86}.Debug|Any CPU.ActiveCfg = Debug|Any CPU
		{236B046A-5D01-42B0-A109-6B9288B61B86}.Debug|Any CPU.Build.0 = Debug|Any CPU
		{236B046A-5D01-42B0-A109-6B9288B61B86}.Release|Any CPU.ActiveCfg = Release|Any CPU
		{236B046A-5D01-42B0-A109-6B9288B61B86}.Release|Any CPU.Build.0 = Release|Any CPU
		{DF1E9A25-EABC-4BB5-8F61-DEA5ADBCE692}.Debug|Any CPU.ActiveCfg = Debug|Any CPU
		{DF1E9A25-EABC-4BB5-8F61-DEA5ADBCE692}.Debug|Any CPU.Build.0 = Debug|Any CPU
		{DF1E9A25-EABC-4BB5-8F61-DEA5ADBCE692}.Release|Any CPU.ActiveCfg = Release|Any CPU
		{DF1E9A25-EABC-4BB5-8F61-DEA5ADBCE692}.Release|Any CPU.Build.0 = Release|Any CPU
	EndGlobalSection
	GlobalSection(SolutionProperties) = preSolution
		HideSolutionNode = FALSE
	EndGlobalSection
	GlobalSection(ExtensibilityGlobals) = postSolution
		SolutionGuid = {1B218B5A-4FC6-49C5-89AE-1D5E4B2D61F4}
	EndGlobalSection
EndGlobal
